
Microsoft Visual Studio Solution File, Format Version 12.00
# Visual Studio Version 16
VisualStudioVersion = 16.0.31410.357
MinimumVisualStudioVersion = 10.0.40219.1
Project("{9A19103F-16F7-4668-BE54-9A1E7A4F7556}") = "API", "API\API.csproj", "{D64B8A40-B06A-4BA7-82F4-AE2154131139}"
EndProject
Project("{9A19103F-16F7-4668-BE54-9A1E7A4F7556}") = "Persistence", "Persistence\Persistence.csproj", "{294171E7-8202-47BB-93BA-71C63DB12CAC}"
EndProject
Project("{9A19103F-16F7-4668-BE54-9A1E7A4F7556}") = "Domain", "Domain\Domain.csproj", "{088AB05A-3CAA-42F5-9C15-F31E26C9C26C}"
EndProject
Project("{9A19103F-16F7-4668-BE54-9A1E7A4F7556}") = "Application", "Application\Application.csproj", "{66538263-0581-4E64-BFE1-1D23C6B34DA6}"
EndProject
Global
	GlobalSection(SolutionConfigurationPlatforms) = preSolution
		Debug|Any CPU = Debug|Any CPU
		Release|Any CPU = Release|Any CPU
	EndGlobalSection
	GlobalSection(ProjectConfigurationPlatforms) = postSolution
		{D64B8A40-B06A-4BA7-82F4-AE2154131139}.Debug|Any CPU.ActiveCfg = Debug|Any CPU
		{D64B8A40-B06A-4BA7-82F4-AE2154131139}.Debug|Any CPU.Build.0 = Debug|Any CPU
		{D64B8A40-B06A-4BA7-82F4-AE2154131139}.Release|Any CPU.ActiveCfg = Release|Any CPU
		{D64B8A40-B06A-4BA7-82F4-AE2154131139}.Release|Any CPU.Build.0 = Release|Any CPU
		{294171E7-8202-47BB-93BA-71C63DB12CAC}.Debug|Any CPU.ActiveCfg = Debug|Any CPU
		{294171E7-8202-47BB-93BA-71C63DB12CAC}.Debug|Any CPU.Build.0 = Debug|Any CPU
		{294171E7-8202-47BB-93BA-71C63DB12CAC}.Release|Any CPU.ActiveCfg = Release|Any CPU
		{294171E7-8202-47BB-93BA-71C63DB12CAC}.Release|Any CPU.Build.0 = Release|Any CPU
		{088AB05A-3CAA-42F5-9C15-F31E26C9C26C}.Debug|Any CPU.ActiveCfg = Debug|Any CPU
		{088AB05A-3CAA-42F5-9C15-F31E26C9C26C}.Debug|Any CPU.Build.0 = Debug|Any CPU
		{088AB05A-3CAA-42F5-9C15-F31E26C9C26C}.Release|Any CPU.ActiveCfg = Release|Any CPU
		{088AB05A-3CAA-42F5-9C15-F31E26C9C26C}.Release|Any CPU.Build.0 = Release|Any CPU
		{66538263-0581-4E64-BFE1-1D23C6B34DA6}.Debug|Any CPU.ActiveCfg = Debug|Any CPU
		{66538263-0581-4E64-BFE1-1D23C6B34DA6}.Debug|Any CPU.Build.0 = Debug|Any CPU
		{66538263-0581-4E64-BFE1-1D23C6B34DA6}.Release|Any CPU.ActiveCfg = Release|Any CPU
		{66538263-0581-4E64-BFE1-1D23C6B34DA6}.Release|Any CPU.Build.0 = Release|Any CPU
	EndGlobalSection
	GlobalSection(SolutionProperties) = preSolution
		HideSolutionNode = FALSE
	EndGlobalSection
	GlobalSection(ExtensibilityGlobals) = postSolution
		SolutionGuid = {688045EF-3CC2-4846-8FD0-AC69C70313B9}
	EndGlobalSection
EndGlobal
